
Microsoft Visual Studio Solution File, Format Version 12.00
# Visual Studio 15
VisualStudioVersion = 15.0.27130.2020
MinimumVisualStudioVersion = 10.0.40219.1
Project("{FAE04EC0-301F-11D3-BF4B-00C04F79EFBC}") = "Fractals", "Function Mountain 2\Fractals.csproj", "{D0167558-B46E-4411-9AB6-83CE7972CE6F}"
EndProject
Project("{FAE04EC0-301F-11D3-BF4B-00C04F79EFBC}") = "UnitTestFractals", "UnitTestFractals\UnitTestFractals.csproj", "{66E0CF7B-D827-43E2-AC61-DBD5974E1671}"
EndProject
Global
	GlobalSection(SolutionConfigurationPlatforms) = preSolution
		Debug|Any CPU = Debug|Any CPU
		Release|Any CPU = Release|Any CPU
	EndGlobalSection
	GlobalSection(ProjectConfigurationPlatforms) = postSolution
		{D0167558-B46E-4411-9AB6-83CE7972CE6F}.Debug|Any CPU.ActiveCfg = Debug|Any CPU
		{D0167558-B46E-4411-9AB6-83CE7972CE6F}.Debug|Any CPU.Build.0 = Debug|Any CPU
		{D0167558-B46E-4411-9AB6-83CE7972CE6F}.Release|Any CPU.ActiveCfg = Release|Any CPU
		{D0167558-B46E-4411-9AB6-83CE7972CE6F}.Release|Any CPU.Build.0 = Release|Any CPU
		{66E0CF7B-D827-43E2-AC61-DBD5974E1671}.Debug|Any CPU.ActiveCfg = Debug|Any CPU
		{66E0CF7B-D827-43E2-AC61-DBD5974E1671}.Debug|Any CPU.Build.0 = Debug|Any CPU
		{66E0CF7B-D827-43E2-AC61-DBD5974E1671}.Release|Any CPU.ActiveCfg = Release|Any CPU
	EndGlobalSection
	GlobalSection(SolutionProperties) = preSolution
		HideSolutionNode = FALSE
	EndGlobalSection
	GlobalSection(ExtensibilityGlobals) = postSolution
		SolutionGuid = {6474C611-23F2-4106-A361-71BC3BC5731E}
	EndGlobalSection
EndGlobal
